// !$*UTF8*$!
{
	archiveVersion = 1;
	classes = {
	};
	objectVersion = 46;
	objects = {

/* Begin PBXBuildFile section */
		0402D2D9193A3BF0004E73E2 /* HXMudlesVC.m in Sources */ = {isa = PBXBuildFile; fileRef = 0402D2D8193A3BF0004E73E2 /* HXMudlesVC.m */; };
		0402D2DC193A3E45004E73E2 /* PushMainSegue.m in Sources */ = {isa = PBXBuildFile; fileRef = 0402D2DB193A3E45004E73E2 /* PushMainSegue.m */; };
		0402D2DF193B01EF004E73E2 /* HXSettingVC.m in Sources */ = {isa = PBXBuildFile; fileRef = 0402D2DE193B01EF004E73E2 /* HXSettingVC.m */; };
		0402D2E2193B020E004E73E2 /* HXAboutUsVC.m in Sources */ = {isa = PBXBuildFile; fileRef = 0402D2E1193B020E004E73E2 /* HXAboutUsVC.m */; };
		042A5AB71942AFBF00E0112D /* HXRecentlyExamItem.m in Sources */ = {isa = PBXBuildFile; fileRef = 042A5AB61942AFBF00E0112D /* HXRecentlyExamItem.m */; };
		042A5AB91942B03600E0112D /* HXRecentlyExamCell.xib in Resources */ = {isa = PBXBuildFile; fileRef = 042A5AB81942B03600E0112D /* HXRecentlyExamCell.xib */; };
		0448B1F61957BDA600253FC9 /* libxml2.2.dylib in Frameworks */ = {isa = PBXBuildFile; fileRef = 0448B1F51957BDA600253FC9 /* libxml2.2.dylib */; };
		045E08F21957EB6300651BDA /* HXCacheManager.m in Sources */ = {isa = PBXBuildFile; fileRef = 045E08F11957EB6300651BDA /* HXCacheManager.m */; };
		045E08F619582CD500651BDA /* HXQuestion.m in Sources */ = {isa = PBXBuildFile; fileRef = 045E08F519582CD500651BDA /* HXQuestion.m */; };
		045E08F919582E8000651BDA /* HXSectionQuestion.m in Sources */ = {isa = PBXBuildFile; fileRef = 045E08F819582E8000651BDA /* HXSectionQuestion.m */; };
		045E08FC19582F8100651BDA /* HXExamPaper.m in Sources */ = {isa = PBXBuildFile; fileRef = 045E08FB19582F8100651BDA /* HXExamPaper.m */; };
		045E08FF19597FF900651BDA /* HXAnswer.m in Sources */ = {isa = PBXBuildFile; fileRef = 045E08FE19597FF900651BDA /* HXAnswer.m */; };
		0486093019485EDF006A88D9 /* HXNotificationMacro.m in Sources */ = {isa = PBXBuildFile; fileRef = 0486092F19485EDF006A88D9 /* HXNotificationMacro.m */; };
		048CE92A194AC8E5001A5CA6 /* HXExamsTVC.m in Sources */ = {isa = PBXBuildFile; fileRef = 048CE929194AC8E5001A5CA6 /* HXExamsTVC.m */; };
		048CE92D194B0100001A5CA6 /* HXExamItem.m in Sources */ = {isa = PBXBuildFile; fileRef = 048CE92C194B0100001A5CA6 /* HXExamItem.m */; };
		048CE92F194B0227001A5CA6 /* HXExamCell.xib in Resources */ = {isa = PBXBuildFile; fileRef = 048CE92E194B0227001A5CA6 /* HXExamCell.xib */; };
		049B78C6193351F800A0DE4C /* Foundation.framework in Frameworks */ = {isa = PBXBuildFile; fileRef = 049B78C5193351F800A0DE4C /* Foundation.framework */; };
		049B78C8193351F800A0DE4C /* CoreGraphics.framework in Frameworks */ = {isa = PBXBuildFile; fileRef = 049B78C7193351F800A0DE4C /* CoreGraphics.framework */; };
		049B78CA193351F800A0DE4C /* UIKit.framework in Frameworks */ = {isa = PBXBuildFile; fileRef = 049B78C9193351F800A0DE4C /* UIKit.framework */; };
		049B78D0193351F800A0DE4C /* InfoPlist.strings in Resources */ = {isa = PBXBuildFile; fileRef = 049B78CE193351F800A0DE4C /* InfoPlist.strings */; };
		049B78D2193351F800A0DE4C /* main.m in Sources */ = {isa = PBXBuildFile; fileRef = 049B78D1193351F800A0DE4C /* main.m */; };
		049B78D6193351F800A0DE4C /* HXAppDelegate.m in Sources */ = {isa = PBXBuildFile; fileRef = 049B78D5193351F800A0DE4C /* HXAppDelegate.m */; };
		049B78D9193351F800A0DE4C /* Main.storyboard in Resources */ = {isa = PBXBuildFile; fileRef = 049B78D7193351F800A0DE4C /* Main.storyboard */; };
		049B78DE193351F800A0DE4C /* Images.xcassets in Resources */ = {isa = PBXBuildFile; fileRef = 049B78DD193351F800A0DE4C /* Images.xcassets */; };
		049B78E5193351F800A0DE4C /* XCTest.framework in Frameworks */ = {isa = PBXBuildFile; fileRef = 049B78E4193351F800A0DE4C /* XCTest.framework */; };
		049B78E6193351F800A0DE4C /* Foundation.framework in Frameworks */ = {isa = PBXBuildFile; fileRef = 049B78C5193351F800A0DE4C /* Foundation.framework */; };
		049B78E7193351F800A0DE4C /* UIKit.framework in Frameworks */ = {isa = PBXBuildFile; fileRef = 049B78C9193351F800A0DE4C /* UIKit.framework */; };
		049B78EF193351F800A0DE4C /* InfoPlist.strings in Resources */ = {isa = PBXBuildFile; fileRef = 049B78ED193351F800A0DE4C /* InfoPlist.strings */; };
		049B78F1193351F800A0DE4C /* HXAssessmentTests.m in Sources */ = {isa = PBXBuildFile; fileRef = 049B78F0193351F800A0DE4C /* HXAssessmentTests.m */; };
		04B0510E1935F7DB005933CB /* HXNetworkManager.m in Sources */ = {isa = PBXBuildFile; fileRef = 04B0510D1935F7DB005933CB /* HXNetworkManager.m */; };
		04B05112193735E1005933CB /* HXRightAnswers.m in Sources */ = {isa = PBXBuildFile; fileRef = 04B05111193735E1005933CB /* HXRightAnswers.m */; };
		04B0511519373D41005933CB /* HXUserAnswers.m in Sources */ = {isa = PBXBuildFile; fileRef = 04B0511419373D41005933CB /* HXUserAnswers.m */; };
		04B0511A193741E2005933CB /* HXContinueExamInfo.m in Sources */ = {isa = PBXBuildFile; fileRef = 04B05119193741E2005933CB /* HXContinueExamInfo.m */; };
		04B0512019374DFC005933CB /* HXLoginVC.m in Sources */ = {isa = PBXBuildFile; fileRef = 04B0511F19374DFC005933CB /* HXLoginVC.m */; };
		04B0512319382808005933CB /* HXRegisterVC.m in Sources */ = {isa = PBXBuildFile; fileRef = 04B0512219382808005933CB /* HXRegisterVC.m */; };
		04BAB9E9194190CD00699941 /* HXMudleItem.m in Sources */ = {isa = PBXBuildFile; fileRef = 04BAB9E8194190CD00699941 /* HXMudleItem.m */; };
		04BAB9EB1941A6FF00699941 /* HXMudleCell.xib in Resources */ = {isa = PBXBuildFile; fileRef = 04BAB9EA1941A6FF00699941 /* HXMudleCell.xib */; };
		04BAB9EF1941C9BF00699941 /* HXRecentlyExamTVC.m in Sources */ = {isa = PBXBuildFile; fileRef = 04BAB9EE1941C9BF00699941 /* HXRecentlyExamTVC.m */; };
		04BE459519477C4100A34019 /* KWPopoverView.m in Sources */ = {isa = PBXBuildFile; fileRef = 04BE459419477C4100A34019 /* KWPopoverView.m */; };
		04BE45981947F8CB00A34019 /* HXContainerVC.m in Sources */ = {isa = PBXBuildFile; fileRef = 04BE45971947F8CB00A34019 /* HXContainerVC.m */; };
		04CB1C9D1961147100EB80B4 /* HXExamRecordTVC.m in Sources */ = {isa = PBXBuildFile; fileRef = 04CB1C9C1961147100EB80B4 /* HXExamRecordTVC.m */; };
		04CB1CA5196152CA00EB80B4 /* WebViewJavascriptBridge.js.txt in Resources */ = {isa = PBXBuildFile; fileRef = 04CB1CA2196152CA00EB80B4 /* WebViewJavascriptBridge.js.txt */; };
		04CB1CA6196152CA00EB80B4 /* WebViewJavascriptBridge.m in Sources */ = {isa = PBXBuildFile; fileRef = 04CB1CA4196152CA00EB80B4 /* WebViewJavascriptBridge.m */; };
		04E4CD5C195C207600FD5D88 /* html in Resources */ = {isa = PBXBuildFile; fileRef = 04C1D2CE195ADE820082D92A /* html */; };
		04E4CD5F195C228700FD5D88 /* UIViewExt.m in Sources */ = {isa = PBXBuildFile; fileRef = 04E4CD5E195C228700FD5D88 /* UIViewExt.m */; };
		04F0E378194FEB2D0067DEFC /* Reachability.m in Sources */ = {isa = PBXBuildFile; fileRef = 04F0E375194FEB2D0067DEFC /* Reachability.m */; };
		04F0E37C195006930067DEFC /* HXExamingVC.m in Sources */ = {isa = PBXBuildFile; fileRef = 04F0E37B195006930067DEFC /* HXExamingVC.m */; };
		04FB534419348C9C007A3B0B /* HXLoadingVC.m in Sources */ = {isa = PBXBuildFile; fileRef = 04FB534319348C9C007A3B0B /* HXLoadingVC.m */; };
		28A006B473C740C188C78388 /* libPods.a in Frameworks */ = {isa = PBXBuildFile; fileRef = 957E4A5C81FA4AFC96499676 /* libPods.a */; };
/* End PBXBuildFile section */

/* Begin PBXContainerItemProxy section */
		049B78E8193351F800A0DE4C /* PBXContainerItemProxy */ = {
			isa = PBXContainerItemProxy;
			containerPortal = 049B78BA193351F800A0DE4C /* Project object */;
			proxyType = 1;
			remoteGlobalIDString = 049B78C1193351F800A0DE4C;
			remoteInfo = HXAssessment;
		};
/* End PBXContainerItemProxy section */

/* Begin PBXFileReference section */
		0402D2D7193A3BF0004E73E2 /* HXMudlesVC.h */ = {isa = PBXFileReference; fileEncoding = 4; lastKnownFileType = sourcecode.c.h; path = HXMudlesVC.h; sourceTree = "<group>"; };
		0402D2D8193A3BF0004E73E2 /* HXMudlesVC.m */ = {isa = PBXFileReference; fileEncoding = 4; lastKnownFileType = sourcecode.c.objc; path = HXMudlesVC.m; sourceTree = "<group>"; };
		0402D2DA193A3E45004E73E2 /* PushMainSegue.h */ = {isa = PBXFileReference; fileEncoding = 4; lastKnownFileType = sourcecode.c.h; path = PushMainSegue.h; sourceTree = "<group>"; };
		0402D2DB193A3E45004E73E2 /* PushMainSegue.m */ = {isa = PBXFileReference; fileEncoding = 4; lastKnownFileType = sourcecode.c.objc; path = PushMainSegue.m; sourceTree = "<group>"; };
		0402D2DD193B01EF004E73E2 /* HXSettingVC.h */ = {isa = PBXFileReference; fileEncoding = 4; lastKnownFileType = sourcecode.c.h; path = HXSettingVC.h; sourceTree = "<group>"; };
		0402D2DE193B01EF004E73E2 /* HXSettingVC.m */ = {isa = PBXFileReference; fileEncoding = 4; lastKnownFileType = sourcecode.c.objc; path = HXSettingVC.m; sourceTree = "<group>"; };
		0402D2E0193B020E004E73E2 /* HXAboutUsVC.h */ = {isa = PBXFileReference; fileEncoding = 4; lastKnownFileType = sourcecode.c.h; path = HXAboutUsVC.h; sourceTree = "<group>"; };
		0402D2E1193B020E004E73E2 /* HXAboutUsVC.m */ = {isa = PBXFileReference; fileEncoding = 4; lastKnownFileType = sourcecode.c.objc; path = HXAboutUsVC.m; sourceTree = "<group>"; };
		042A5AB51942AFBF00E0112D /* HXRecentlyExamItem.h */ = {isa = PBXFileReference; fileEncoding = 4; lastKnownFileType = sourcecode.c.h; path = HXRecentlyExamItem.h; sourceTree = "<group>"; };
		042A5AB61942AFBF00E0112D /* HXRecentlyExamItem.m */ = {isa = PBXFileReference; fileEncoding = 4; lastKnownFileType = sourcecode.c.objc; path = HXRecentlyExamItem.m; sourceTree = "<group>"; };
		042A5AB81942B03600E0112D /* HXRecentlyExamCell.xib */ = {isa = PBXFileReference; fileEncoding = 4; lastKnownFileType = file.xib; path = HXRecentlyExamCell.xib; sourceTree = "<group>"; };
		0448B1F51957BDA600253FC9 /* libxml2.2.dylib */ = {isa = PBXFileReference; lastKnownFileType = "compiled.mach-o.dylib"; name = libxml2.2.dylib; path = usr/lib/libxml2.2.dylib; sourceTree = SDKROOT; };
		0448B1F71957C1D600253FC9 /* libHTMLReader.a */ = {isa = PBXFileReference; lastKnownFileType = archive.ar; path = libHTMLReader.a; sourceTree = "<group>"; };
		045E08F01957EB6300651BDA /* HXCacheManager.h */ = {isa = PBXFileReference; fileEncoding = 4; lastKnownFileType = sourcecode.c.h; path = HXCacheManager.h; sourceTree = "<group>"; };
		045E08F11957EB6300651BDA /* HXCacheManager.m */ = {isa = PBXFileReference; fileEncoding = 4; lastKnownFileType = sourcecode.c.objc; path = HXCacheManager.m; sourceTree = "<group>"; };
		045E08F419582CD500651BDA /* HXQuestion.h */ = {isa = PBXFileReference; fileEncoding = 4; lastKnownFileType = sourcecode.c.h; path = HXQuestion.h; sourceTree = "<group>"; };
		045E08F519582CD500651BDA /* HXQuestion.m */ = {isa = PBXFileReference; fileEncoding = 4; lastKnownFileType = sourcecode.c.objc; path = HXQuestion.m; sourceTree = "<group>"; };
		045E08F719582E8000651BDA /* HXSectionQuestion.h */ = {isa = PBXFileReference; fileEncoding = 4; lastKnownFileType = sourcecode.c.h; path = HXSectionQuestion.h; sourceTree = "<group>"; };
		045E08F819582E8000651BDA /* HXSectionQuestion.m */ = {isa = PBXFileReference; fileEncoding = 4; lastKnownFileType = sourcecode.c.objc; path = HXSectionQuestion.m; sourceTree = "<group>"; };
		045E08FA19582F8100651BDA /* HXExamPaper.h */ = {isa = PBXFileReference; fileEncoding = 4; lastKnownFileType = sourcecode.c.h; path = HXExamPaper.h; sourceTree = "<group>"; };
		045E08FB19582F8100651BDA /* HXExamPaper.m */ = {isa = PBXFileReference; fileEncoding = 4; lastKnownFileType = sourcecode.c.objc; path = HXExamPaper.m; sourceTree = "<group>"; };
		045E08FD19597FF900651BDA /* HXAnswer.h */ = {isa = PBXFileReference; fileEncoding = 4; lastKnownFileType = sourcecode.c.h; path = HXAnswer.h; sourceTree = "<group>"; };
		045E08FE19597FF900651BDA /* HXAnswer.m */ = {isa = PBXFileReference; fileEncoding = 4; lastKnownFileType = sourcecode.c.objc; path = HXAnswer.m; sourceTree = "<group>"; };
		0486092F19485EDF006A88D9 /* HXNotificationMacro.m */ = {isa = PBXFileReference; fileEncoding = 4; lastKnownFileType = sourcecode.c.objc; path = HXNotificationMacro.m; sourceTree = "<group>"; };
		048CE928194AC8E5001A5CA6 /* HXExamsTVC.h */ = {isa = PBXFileReference; fileEncoding = 4; lastKnownFileType = sourcecode.c.h; path = HXExamsTVC.h; sourceTree = "<group>"; };
		048CE929194AC8E5001A5CA6 /* HXExamsTVC.m */ = {isa = PBXFileReference; fileEncoding = 4; lastKnownFileType = sourcecode.c.objc; path = HXExamsTVC.m; sourceTree = "<group>"; };
		048CE92B194B0100001A5CA6 /* HXExamItem.h */ = {isa = PBXFileReference; fileEncoding = 4; lastKnownFileType = sourcecode.c.h; path = HXExamItem.h; sourceTree = "<group>"; };
		048CE92C194B0100001A5CA6 /* HXExamItem.m */ = {isa = PBXFileReference; fileEncoding = 4; lastKnownFileType = sourcecode.c.objc; path = HXExamItem.m; sourceTree = "<group>"; };
		048CE92E194B0227001A5CA6 /* HXExamCell.xib */ = {isa = PBXFileReference; fileEncoding = 4; lastKnownFileType = file.xib; path = HXExamCell.xib; sourceTree = "<group>"; };
		049B78C2193351F800A0DE4C /* HXAssessment.app */ = {isa = PBXFileReference; explicitFileType = wrapper.application; includeInIndex = 0; path = HXAssessment.app; sourceTree = BUILT_PRODUCTS_DIR; };
		049B78C5193351F800A0DE4C /* Foundation.framework */ = {isa = PBXFileReference; lastKnownFileType = wrapper.framework; name = Foundation.framework; path = System/Library/Frameworks/Foundation.framework; sourceTree = SDKROOT; };
		049B78C7193351F800A0DE4C /* CoreGraphics.framework */ = {isa = PBXFileReference; lastKnownFileType = wrapper.framework; name = CoreGraphics.framework; path = System/Library/Frameworks/CoreGraphics.framework; sourceTree = SDKROOT; };
		049B78C9193351F800A0DE4C /* UIKit.framework */ = {isa = PBXFileReference; lastKnownFileType = wrapper.framework; name = UIKit.framework; path = System/Library/Frameworks/UIKit.framework; sourceTree = SDKROOT; };
		049B78CD193351F800A0DE4C /* HXAssessment-Info.plist */ = {isa = PBXFileReference; lastKnownFileType = text.plist.xml; path = "HXAssessment-Info.plist"; sourceTree = "<group>"; };
		049B78CF193351F800A0DE4C /* en */ = {isa = PBXFileReference; lastKnownFileType = text.plist.strings; name = en; path = en.lproj/InfoPlist.strings; sourceTree = "<group>"; };
		049B78D1193351F800A0DE4C /* main.m */ = {isa = PBXFileReference; lastKnownFileType = sourcecode.c.objc; path = main.m; sourceTree = "<group>"; };
		049B78D3193351F800A0DE4C /* HXAssessment-Prefix.pch */ = {isa = PBXFileReference; lastKnownFileType = sourcecode.c.h; path = "HXAssessment-Prefix.pch"; sourceTree = "<group>"; };
		049B78D4193351F800A0DE4C /* HXAppDelegate.h */ = {isa = PBXFileReference; lastKnownFileType = sourcecode.c.h; path = HXAppDelegate.h; sourceTree = "<group>"; };
		049B78D5193351F800A0DE4C /* HXAppDelegate.m */ = {isa = PBXFileReference; lastKnownFileType = sourcecode.c.objc; path = HXAppDelegate.m; sourceTree = "<group>"; };
		049B78D8193351F800A0DE4C /* Base */ = {isa = PBXFileReference; lastKnownFileType = file.storyboard; name = Base; path = Base.lproj/Main.storyboard; sourceTree = "<group>"; };
		049B78DD193351F800A0DE4C /* Images.xcassets */ = {isa = PBXFileReference; lastKnownFileType = folder.assetcatalog; path = Images.xcassets; sourceTree = "<group>"; };
		049B78E3193351F800A0DE4C /* HXAssessmentTests.xctest */ = {isa = PBXFileReference; explicitFileType = wrapper.cfbundle; includeInIndex = 0; path = HXAssessmentTests.xctest; sourceTree = BUILT_PRODUCTS_DIR; };
		049B78E4193351F800A0DE4C /* XCTest.framework */ = {isa = PBXFileReference; lastKnownFileType = wrapper.framework; name = XCTest.framework; path = Library/Frameworks/XCTest.framework; sourceTree = DEVELOPER_DIR; };
		049B78EC193351F800A0DE4C /* HXAssessmentTests-Info.plist */ = {isa = PBXFileReference; lastKnownFileType = text.plist.xml; path = "HXAssessmentTests-Info.plist"; sourceTree = "<group>"; };
		049B78EE193351F800A0DE4C /* en */ = {isa = PBXFileReference; lastKnownFileType = text.plist.strings; name = en; path = en.lproj/InfoPlist.strings; sourceTree = "<group>"; };
		049B78F0193351F800A0DE4C /* HXAssessmentTests.m */ = {isa = PBXFileReference; lastKnownFileType = sourcecode.c.objc; path = HXAssessmentTests.m; sourceTree = "<group>"; };
		04B0510C1935F7DB005933CB /* HXNetworkManager.h */ = {isa = PBXFileReference; fileEncoding = 4; lastKnownFileType = sourcecode.c.h; path = HXNetworkManager.h; sourceTree = "<group>"; };
		04B0510D1935F7DB005933CB /* HXNetworkManager.m */ = {isa = PBXFileReference; fileEncoding = 4; lastKnownFileType = sourcecode.c.objc; path = HXNetworkManager.m; sourceTree = "<group>"; };
		04B0510F1935F8CE005933CB /* HXSingletonMaker.h */ = {isa = PBXFileReference; lastKnownFileType = sourcecode.c.h; path = HXSingletonMaker.h; sourceTree = "<group>"; };
		04B05110193735E1005933CB /* HXRightAnswers.h */ = {isa = PBXFileReference; fileEncoding = 4; lastKnownFileType = sourcecode.c.h; path = HXRightAnswers.h; sourceTree = "<group>"; };
		04B05111193735E1005933CB /* HXRightAnswers.m */ = {isa = PBXFileReference; fileEncoding = 4; lastKnownFileType = sourcecode.c.objc; path = HXRightAnswers.m; sourceTree = "<group>"; };
		04B0511319373D41005933CB /* HXUserAnswers.h */ = {isa = PBXFileReference; fileEncoding = 4; lastKnownFileType = sourcecode.c.h; path = HXUserAnswers.h; sourceTree = "<group>"; };
		04B0511419373D41005933CB /* HXUserAnswers.m */ = {isa = PBXFileReference; fileEncoding = 4; lastKnownFileType = sourcecode.c.objc; path = HXUserAnswers.m; sourceTree = "<group>"; };
		04B05118193741E2005933CB /* HXContinueExamInfo.h */ = {isa = PBXFileReference; fileEncoding = 4; lastKnownFileType = sourcecode.c.h; path = HXContinueExamInfo.h; sourceTree = "<group>"; };
		04B05119193741E2005933CB /* HXContinueExamInfo.m */ = {isa = PBXFileReference; fileEncoding = 4; lastKnownFileType = sourcecode.c.objc; path = HXContinueExamInfo.m; sourceTree = "<group>"; };
		04B0511E19374DFC005933CB /* HXLoginVC.h */ = {isa = PBXFileReference; fileEncoding = 4; lastKnownFileType = sourcecode.c.h; path = HXLoginVC.h; sourceTree = "<group>"; };
		04B0511F19374DFC005933CB /* HXLoginVC.m */ = {isa = PBXFileReference; fileEncoding = 4; lastKnownFileType = sourcecode.c.objc; path = HXLoginVC.m; sourceTree = "<group>"; };
		04B0512119382808005933CB /* HXRegisterVC.h */ = {isa = PBXFileReference; fileEncoding = 4; lastKnownFileType = sourcecode.c.h; path = HXRegisterVC.h; sourceTree = "<group>"; };
		04B0512219382808005933CB /* HXRegisterVC.m */ = {isa = PBXFileReference; fileEncoding = 4; lastKnownFileType = sourcecode.c.objc; path = HXRegisterVC.m; sourceTree = "<group>"; };
		04BAB9E7194190CD00699941 /* HXMudleItem.h */ = {isa = PBXFileReference; fileEncoding = 4; lastKnownFileType = sourcecode.c.h; path = HXMudleItem.h; sourceTree = "<group>"; };
		04BAB9E8194190CD00699941 /* HXMudleItem.m */ = {isa = PBXFileReference; fileEncoding = 4; lastKnownFileType = sourcecode.c.objc; path = HXMudleItem.m; sourceTree = "<group>"; };
		04BAB9EA1941A6FF00699941 /* HXMudleCell.xib */ = {isa = PBXFileReference; fileEncoding = 4; lastKnownFileType = file.xib; path = HXMudleCell.xib; sourceTree = "<group>"; };
		04BAB9ED1941C9BF00699941 /* HXRecentlyExamTVC.h */ = {isa = PBXFileReference; fileEncoding = 4; lastKnownFileType = sourcecode.c.h; path = HXRecentlyExamTVC.h; sourceTree = "<group>"; };
		04BAB9EE1941C9BF00699941 /* HXRecentlyExamTVC.m */ = {isa = PBXFileReference; fileEncoding = 4; lastKnownFileType = sourcecode.c.objc; path = HXRecentlyExamTVC.m; sourceTree = "<group>"; };
		04BE459319477C4100A34019 /* KWPopoverView.h */ = {isa = PBXFileReference; fileEncoding = 4; lastKnownFileType = sourcecode.c.h; path = KWPopoverView.h; sourceTree = "<group>"; };
		04BE459419477C4100A34019 /* KWPopoverView.m */ = {isa = PBXFileReference; fileEncoding = 4; lastKnownFileType = sourcecode.c.objc; path = KWPopoverView.m; sourceTree = "<group>"; };
		04BE45961947F8CB00A34019 /* HXContainerVC.h */ = {isa = PBXFileReference; fileEncoding = 4; lastKnownFileType = sourcecode.c.h; path = HXContainerVC.h; sourceTree = "<group>"; };
		04BE45971947F8CB00A34019 /* HXContainerVC.m */ = {isa = PBXFileReference; fileEncoding = 4; lastKnownFileType = sourcecode.c.objc; path = HXContainerVC.m; sourceTree = "<group>"; };
		04C1D2CE195ADE820082D92A /* html */ = {isa = PBXFileReference; lastKnownFileType = folder; path = html; sourceTree = "<group>"; };
		04CB1C9B1961147100EB80B4 /* HXExamRecordTVC.h */ = {isa = PBXFileReference; fileEncoding = 4; lastKnownFileType = sourcecode.c.h; path = HXExamRecordTVC.h; sourceTree = "<group>"; };
		04CB1C9C1961147100EB80B4 /* HXExamRecordTVC.m */ = {isa = PBXFileReference; fileEncoding = 4; lastKnownFileType = sourcecode.c.objc; path = HXExamRecordTVC.m; sourceTree = "<group>"; };
		04CB1CA2196152CA00EB80B4 /* WebViewJavascriptBridge.js.txt */ = {isa = PBXFileReference; fileEncoding = 4; lastKnownFileType = text; path = WebViewJavascriptBridge.js.txt; sourceTree = "<group>"; };
		04CB1CA3196152CA00EB80B4 /* WebViewJavascriptBridge.h */ = {isa = PBXFileReference; fileEncoding = 4; lastKnownFileType = sourcecode.c.h; path = WebViewJavascriptBridge.h; sourceTree = "<group>"; };
		04CB1CA4196152CA00EB80B4 /* WebViewJavascriptBridge.m */ = {isa = PBXFileReference; fileEncoding = 4; lastKnownFileType = sourcecode.c.objc; path = WebViewJavascriptBridge.m; sourceTree = "<group>"; };
		04E4CD5D195C228700FD5D88 /* UIViewExt.h */ = {isa = PBXFileReference; fileEncoding = 4; lastKnownFileType = sourcecode.c.h; path = UIViewExt.h; sourceTree = "<group>"; };
		04E4CD5E195C228700FD5D88 /* UIViewExt.m */ = {isa = PBXFileReference; fileEncoding = 4; lastKnownFileType = sourcecode.c.objc; path = UIViewExt.m; sourceTree = "<group>"; };
		04F0E375194FEB2D0067DEFC /* Reachability.m */ = {isa = PBXFileReference; fileEncoding = 4; lastKnownFileType = sourcecode.c.objc; path = Reachability.m; sourceTree = "<group>"; };
		04F0E376194FEB2D0067DEFC /* Reachability.h */ = {isa = PBXFileReference; fileEncoding = 4; lastKnownFileType = sourcecode.c.h; path = Reachability.h; sourceTree = "<group>"; };
		04F0E37A195006930067DEFC /* HXExamingVC.h */ = {isa = PBXFileReference; fileEncoding = 4; lastKnownFileType = sourcecode.c.h; path = HXExamingVC.h; sourceTree = "<group>"; };
		04F0E37B195006930067DEFC /* HXExamingVC.m */ = {isa = PBXFileReference; fileEncoding = 4; lastKnownFileType = sourcecode.c.objc; path = HXExamingVC.m; sourceTree = "<group>"; };
		04FB534219348C9C007A3B0B /* HXLoadingVC.h */ = {isa = PBXFileReference; fileEncoding = 4; lastKnownFileType = sourcecode.c.h; path = HXLoadingVC.h; sourceTree = "<group>"; };
		04FB534319348C9C007A3B0B /* HXLoadingVC.m */ = {isa = PBXFileReference; fileEncoding = 4; lastKnownFileType = sourcecode.c.objc; path = HXLoadingVC.m; sourceTree = "<group>"; };
		04FB534519348CDB007A3B0B /* HXAppMacro.h */ = {isa = PBXFileReference; lastKnownFileType = sourcecode.c.h; path = HXAppMacro.h; sourceTree = "<group>"; };
		04FB534619348D49007A3B0B /* HXVendorMacro.h */ = {isa = PBXFileReference; lastKnownFileType = sourcecode.c.h; path = HXVendorMacro.h; sourceTree = "<group>"; };
		04FB534719348DD2007A3B0B /* HXUtilsMacro.h */ = {isa = PBXFileReference; lastKnownFileType = sourcecode.c.h; path = HXUtilsMacro.h; sourceTree = "<group>"; };
		04FB534819348DE5007A3B0B /* HXNotificationMacro.h */ = {isa = PBXFileReference; lastKnownFileType = sourcecode.c.h; path = HXNotificationMacro.h; sourceTree = "<group>"; };
		04FB53491934982B007A3B0B /* HXRequestMacro.h */ = {isa = PBXFileReference; lastKnownFileType = sourcecode.c.h; path = HXRequestMacro.h; sourceTree = "<group>"; };
		957E4A5C81FA4AFC96499676 /* libPods.a */ = {isa = PBXFileReference; explicitFileType = archive.ar; includeInIndex = 0; path = libPods.a; sourceTree = BUILT_PRODUCTS_DIR; };
		B6FAAE702A79420F8804A8A0 /* Pods.xcconfig */ = {isa = PBXFileReference; includeInIndex = 1; lastKnownFileType = text.xcconfig; name = Pods.xcconfig; path = Pods/Pods.xcconfig; sourceTree = "<group>"; };
/* End PBXFileReference section */

/* Begin PBXFrameworksBuildPhase section */
		049B78BF193351F800A0DE4C /* Frameworks */ = {
			isa = PBXFrameworksBuildPhase;
			buildActionMask = 2147483647;
			files = (
				0448B1F61957BDA600253FC9 /* libxml2.2.dylib in Frameworks */,
				049B78C8193351F800A0DE4C /* CoreGraphics.framework in Frameworks */,
				049B78CA193351F800A0DE4C /* UIKit.framework in Frameworks */,
				049B78C6193351F800A0DE4C /* Foundation.framework in Frameworks */,
				28A006B473C740C188C78388 /* libPods.a in Frameworks */,
			);
			runOnlyForDeploymentPostprocessing = 0;
		};
		049B78E0193351F800A0DE4C /* Frameworks */ = {
			isa = PBXFrameworksBuildPhase;
			buildActionMask = 2147483647;
			files = (
				049B78E5193351F800A0DE4C /* XCTest.framework in Frameworks */,
				049B78E7193351F800A0DE4C /* UIKit.framework in Frameworks */,
				049B78E6193351F800A0DE4C /* Foundation.framework in Frameworks */,
			);
			runOnlyForDeploymentPostprocessing = 0;
		};
/* End PBXFrameworksBuildPhase section */

/* Begin PBXGroup section */
		0402D2D5193A3BB9004E73E2 /* Login/Register */ = {
			isa = PBXGroup;
			children = (
				04FB534219348C9C007A3B0B /* HXLoadingVC.h */,
				04FB534319348C9C007A3B0B /* HXLoadingVC.m */,
				04B0511E19374DFC005933CB /* HXLoginVC.h */,
				04B0511F19374DFC005933CB /* HXLoginVC.m */,
				0402D2DA193A3E45004E73E2 /* PushMainSegue.h */,
				0402D2DB193A3E45004E73E2 /* PushMainSegue.m */,
				04B0512119382808005933CB /* HXRegisterVC.h */,
				04B0512219382808005933CB /* HXRegisterVC.m */,
			);
			name = Login/Register;
			sourceTree = "<group>";
		};
		0402D2D6193A3BD3004E73E2 /* Mudles */ = {
			isa = PBXGroup;
			children = (
				0402D2D7193A3BF0004E73E2 /* HXMudlesVC.h */,
				0402D2D8193A3BF0004E73E2 /* HXMudlesVC.m */,
				04BAB9E7194190CD00699941 /* HXMudleItem.h */,
				04BAB9E8194190CD00699941 /* HXMudleItem.m */,
				04BAB9EA1941A6FF00699941 /* HXMudleCell.xib */,
				04BE45961947F8CB00A34019 /* HXContainerVC.h */,
				04BE45971947F8CB00A34019 /* HXContainerVC.m */,
			);
			name = Mudles;
			sourceTree = "<group>";
		};
		045E08F319582CAC00651BDA /* Question */ = {
			isa = PBXGroup;
			children = (
				045E08F419582CD500651BDA /* HXQuestion.h */,
				045E08F519582CD500651BDA /* HXQuestion.m */,
				045E08FD19597FF900651BDA /* HXAnswer.h */,
				045E08FE19597FF900651BDA /* HXAnswer.m */,
				045E08F719582E8000651BDA /* HXSectionQuestion.h */,
				045E08F819582E8000651BDA /* HXSectionQuestion.m */,
				045E08FA19582F8100651BDA /* HXExamPaper.h */,
				045E08FB19582F8100651BDA /* HXExamPaper.m */,
			);
			name = Question;
			sourceTree = "<group>";
		};
		048CE927194AC8CB001A5CA6 /* Exams */ = {
			isa = PBXGroup;
			children = (
				048CE928194AC8E5001A5CA6 /* HXExamsTVC.h */,
				048CE929194AC8E5001A5CA6 /* HXExamsTVC.m */,
				048CE92B194B0100001A5CA6 /* HXExamItem.h */,
				048CE92C194B0100001A5CA6 /* HXExamItem.m */,
				048CE92E194B0227001A5CA6 /* HXExamCell.xib */,
			);
			name = Exams;
			sourceTree = "<group>";
		};
		049B78B9193351F800A0DE4C = {
			isa = PBXGroup;
			children = (
				049B78CB193351F800A0DE4C /* HXAssessment */,
				049B78EA193351F800A0DE4C /* HXAssessmentTests */,
				049B78C4193351F800A0DE4C /* Frameworks */,
				049B78C3193351F800A0DE4C /* Products */,
				B6FAAE702A79420F8804A8A0 /* Pods.xcconfig */,
			);
			sourceTree = "<group>";
		};
		049B78C3193351F800A0DE4C /* Products */ = {
			isa = PBXGroup;
			children = (
				049B78C2193351F800A0DE4C /* HXAssessment.app */,
				049B78E3193351F800A0DE4C /* HXAssessmentTests.xctest */,
			);
			name = Products;
			sourceTree = "<group>";
		};
		049B78C4193351F800A0DE4C /* Frameworks */ = {
			isa = PBXGroup;
			children = (
				0448B1F71957C1D600253FC9 /* libHTMLReader.a */,
				0448B1F51957BDA600253FC9 /* libxml2.2.dylib */,
				049B78C5193351F800A0DE4C /* Foundation.framework */,
				049B78C7193351F800A0DE4C /* CoreGraphics.framework */,
				049B78C9193351F800A0DE4C /* UIKit.framework */,
				049B78E4193351F800A0DE4C /* XCTest.framework */,
				957E4A5C81FA4AFC96499676 /* libPods.a */,
			);
			name = Frameworks;
			sourceTree = "<group>";
		};
		049B78CB193351F800A0DE4C /* HXAssessment */ = {
			isa = PBXGroup;
			children = (
				04FB533D19347F25007A3B0B /* AppDelegate */,
				04FB533A19347EF5007A3B0B /* Macro */,
				04B0510B1935EBF7005933CB /* Helper */,
				04FB533C19347F11007A3B0B /* Section */,
				04FB533F19347F54007A3B0B /* Models */,
				04FB534119347F6C007A3B0B /* Resources */,
				04FB534019347F5D007A3B0B /* Vendors */,
				04FB533E19347F46007A3B0B /* General */,
				04FB533B19347F03007A3B0B /* Utility */,
				049B78DD193351F800A0DE4C /* Images.xcassets */,
				049B78CC193351F800A0DE4C /* Supporting Files */,
			);
			path = HXAssessment;
			sourceTree = "<group>";
		};
		049B78CC193351F800A0DE4C /* Supporting Files */ = {
			isa = PBXGroup;
			children = (
				049B78CD193351F800A0DE4C /* HXAssessment-Info.plist */,
				049B78CE193351F800A0DE4C /* InfoPlist.strings */,
				049B78D1193351F800A0DE4C /* main.m */,
				049B78D3193351F800A0DE4C /* HXAssessment-Prefix.pch */,
			);
			name = "Supporting Files";
			sourceTree = "<group>";
		};
		049B78EA193351F800A0DE4C /* HXAssessmentTests */ = {
			isa = PBXGroup;
			children = (
				049B78F0193351F800A0DE4C /* HXAssessmentTests.m */,
				049B78EB193351F800A0DE4C /* Supporting Files */,
			);
			path = HXAssessmentTests;
			sourceTree = "<group>";
		};
		049B78EB193351F800A0DE4C /* Supporting Files */ = {
			isa = PBXGroup;
			children = (
				049B78EC193351F800A0DE4C /* HXAssessmentTests-Info.plist */,
				049B78ED193351F800A0DE4C /* InfoPlist.strings */,
			);
			name = "Supporting Files";
			sourceTree = "<group>";
		};
		04B0510B1935EBF7005933CB /* Helper */ = {
			isa = PBXGroup;
			children = (
				04B0510C1935F7DB005933CB /* HXNetworkManager.h */,
				04B0510D1935F7DB005933CB /* HXNetworkManager.m */,
				045E08F01957EB6300651BDA /* HXCacheManager.h */,
				045E08F11957EB6300651BDA /* HXCacheManager.m */,
			);
			name = Helper;
			sourceTree = "<group>";
		};
		04B05116193740FD005933CB /* Answer */ = {
			isa = PBXGroup;
			children = (
				04B05110193735E1005933CB /* HXRightAnswers.h */,
				04B05111193735E1005933CB /* HXRightAnswers.m */,
				04B0511319373D41005933CB /* HXUserAnswers.h */,
				04B0511419373D41005933CB /* HXUserAnswers.m */,
			);
			name = Answer;
			sourceTree = "<group>";
		};
		04B0511719374109005933CB /* Exam */ = {
			isa = PBXGroup;
			children = (
				04B05118193741E2005933CB /* HXContinueExamInfo.h */,
				04B05119193741E2005933CB /* HXContinueExamInfo.m */,
			);
			name = Exam;
			sourceTree = "<group>";
		};
		04BAB9EC1941C98000699941 /* RecentlyExam */ = {
			isa = PBXGroup;
			children = (
				04CB1C9A1961145500EB80B4 /* ExamRecord */,
				04BAB9ED1941C9BF00699941 /* HXRecentlyExamTVC.h */,
				04BAB9EE1941C9BF00699941 /* HXRecentlyExamTVC.m */,
				042A5AB51942AFBF00E0112D /* HXRecentlyExamItem.h */,
				042A5AB61942AFBF00E0112D /* HXRecentlyExamItem.m */,
				042A5AB81942B03600E0112D /* HXRecentlyExamCell.xib */,
			);
			name = RecentlyExam;
			sourceTree = "<group>";
		};
		04CB1C9A1961145500EB80B4 /* ExamRecord */ = {
			isa = PBXGroup;
			children = (
				04CB1C9B1961147100EB80B4 /* HXExamRecordTVC.h */,
				04CB1C9C1961147100EB80B4 /* HXExamRecordTVC.m */,
			);
			name = ExamRecord;
			sourceTree = "<group>";
		};
		04CB1CA1196152BD00EB80B4 /* WebViewJavascriptBridge */ = {
			isa = PBXGroup;
			children = (
				04CB1CA2196152CA00EB80B4 /* WebViewJavascriptBridge.js.txt */,
				04CB1CA3196152CA00EB80B4 /* WebViewJavascriptBridge.h */,
				04CB1CA4196152CA00EB80B4 /* WebViewJavascriptBridge.m */,
			);
			name = WebViewJavascriptBridge;
			sourceTree = "<group>";
		};
		04F0E379195005C50067DEFC /* Examing */ = {
			isa = PBXGroup;
			children = (
				04F0E37A195006930067DEFC /* HXExamingVC.h */,
				04F0E37B195006930067DEFC /* HXExamingVC.m */,
			);
			name = Examing;
			sourceTree = "<group>";
		};
		04FB533A19347EF5007A3B0B /* Macro */ = {
			isa = PBXGroup;
			children = (
				04FB534519348CDB007A3B0B /* HXAppMacro.h */,
				04FB534719348DD2007A3B0B /* HXUtilsMacro.h */,
				04FB53491934982B007A3B0B /* HXRequestMacro.h */,
				04FB534619348D49007A3B0B /* HXVendorMacro.h */,
				04B0510F1935F8CE005933CB /* HXSingletonMaker.h */,
				04FB534819348DE5007A3B0B /* HXNotificationMacro.h */,
				0486092F19485EDF006A88D9 /* HXNotificationMacro.m */,
			);
			name = Macro;
			sourceTree = "<group>";
		};
		04FB533B19347F03007A3B0B /* Utility */ = {
			isa = PBXGroup;
			children = (
			);
			name = Utility;
			sourceTree = "<group>";
		};
		04FB533C19347F11007A3B0B /* Section */ = {
			isa = PBXGroup;
			children = (
				049B78D7193351F800A0DE4C /* Main.storyboard */,
				0402D2D5193A3BB9004E73E2 /* Login/Register */,
				0402D2D6193A3BD3004E73E2 /* Mudles */,
				048CE927194AC8CB001A5CA6 /* Exams */,
				04F0E379195005C50067DEFC /* Examing */,
				04BAB9EC1941C98000699941 /* RecentlyExam */,
				0402D2DD193B01EF004E73E2 /* HXSettingVC.h */,
				0402D2DE193B01EF004E73E2 /* HXSettingVC.m */,
				0402D2E0193B020E004E73E2 /* HXAboutUsVC.h */,
				0402D2E1193B020E004E73E2 /* HXAboutUsVC.m */,
			);
			name = Section;
			sourceTree = "<group>";
		};
		04FB533D19347F25007A3B0B /* AppDelegate */ = {
			isa = PBXGroup;
			children = (
				049B78D4193351F800A0DE4C /* HXAppDelegate.h */,
				049B78D5193351F800A0DE4C /* HXAppDelegate.m */,
			);
			name = AppDelegate;
			sourceTree = "<group>";
		};
		04FB533E19347F46007A3B0B /* General */ = {
			isa = PBXGroup;
			children = (
				04E4CD5D195C228700FD5D88 /* UIViewExt.h */,
				04E4CD5E195C228700FD5D88 /* UIViewExt.m */,
				04BE459319477C4100A34019 /* KWPopoverView.h */,
				04BE459419477C4100A34019 /* KWPopoverView.m */,
			);
			name = General;
			sourceTree = "<group>";
		};
		04FB533F19347F54007A3B0B /* Models */ = {
			isa = PBXGroup;
			children = (
				045E08F319582CAC00651BDA /* Question */,
				04B0511719374109005933CB /* Exam */,
				04B05116193740FD005933CB /* Answer */,
			);
			name = Models;
			sourceTree = "<group>";
		};
		04FB534019347F5D007A3B0B /* Vendors */ = {
			isa = PBXGroup;
			children = (
				04CB1CA1196152BD00EB80B4 /* WebViewJavascriptBridge */,
				04F0E375194FEB2D0067DEFC /* Reachability.m */,
				04F0E376194FEB2D0067DEFC /* Reachability.h */,
			);
			name = Vendors;
			sourceTree = "<group>";
		};
		04FB534119347F6C007A3B0B /* Resources */ = {
			isa = PBXGroup;
			children = (
				04C1D2CE195ADE820082D92A /* html */,
			);
			name = Resources;
			sourceTree = "<group>";
		};
/* End PBXGroup section */

/* Begin PBXNativeTarget section */
		049B78C1193351F800A0DE4C /* HXAssessment */ = {
			isa = PBXNativeTarget;
			buildConfigurationList = 049B78F4193351F800A0DE4C /* Build configuration list for PBXNativeTarget "HXAssessment" */;
			buildPhases = (
				6089E30ACE2D4AA5A704F526 /* Check Pods Manifest.lock */,
				049B78BE193351F800A0DE4C /* Sources */,
				049B78BF193351F800A0DE4C /* Frameworks */,
				049B78C0193351F800A0DE4C /* Resources */,
				7922AE17D9E24031AC8993BA /* Copy Pods Resources */,
			);
			buildRules = (
			);
			dependencies = (
			);
			name = HXAssessment;
			productName = HXAssessment;
			productReference = 049B78C2193351F800A0DE4C /* HXAssessment.app */;
			productType = "com.apple.product-type.application";
		};
		049B78E2193351F800A0DE4C /* HXAssessmentTests */ = {
			isa = PBXNativeTarget;
			buildConfigurationList = 049B78F7193351F800A0DE4C /* Build configuration list for PBXNativeTarget "HXAssessmentTests" */;
			buildPhases = (
				049B78DF193351F800A0DE4C /* Sources */,
				049B78E0193351F800A0DE4C /* Frameworks */,
				049B78E1193351F800A0DE4C /* Resources */,
			);
			buildRules = (
			);
			dependencies = (
				049B78E9193351F800A0DE4C /* PBXTargetDependency */,
			);
			name = HXAssessmentTests;
			productName = HXAssessmentTests;
			productReference = 049B78E3193351F800A0DE4C /* HXAssessmentTests.xctest */;
			productType = "com.apple.product-type.bundle.unit-test";
		};
/* End PBXNativeTarget section */

/* Begin PBXProject section */
		049B78BA193351F800A0DE4C /* Project object */ = {
			isa = PBXProject;
			attributes = {
				CLASSPREFIX = HX;
				LastUpgradeCheck = 0510;
				ORGANIZATIONNAME = HX;
				TargetAttributes = {
					049B78C1193351F800A0DE4C = {
						DevelopmentTeam = ZPE72C64SR;
					};
					049B78E2193351F800A0DE4C = {
						TestTargetID = 049B78C1193351F800A0DE4C;
					};
				};
			};
			buildConfigurationList = 049B78BD193351F800A0DE4C /* Build configuration list for PBXProject "HXAssessment" */;
			compatibilityVersion = "Xcode 3.2";
			developmentRegion = English;
			hasScannedForEncodings = 0;
			knownRegions = (
				en,
				Base,
			);
			mainGroup = 049B78B9193351F800A0DE4C;
			productRefGroup = 049B78C3193351F800A0DE4C /* Products */;
			projectDirPath = "";
			projectRoot = "";
			targets = (
				049B78C1193351F800A0DE4C /* HXAssessment */,
				049B78E2193351F800A0DE4C /* HXAssessmentTests */,
			);
		};
/* End PBXProject section */

/* Begin PBXResourcesBuildPhase section */
		049B78C0193351F800A0DE4C /* Resources */ = {
			isa = PBXResourcesBuildPhase;
			buildActionMask = 2147483647;
			files = (
				04E4CD5C195C207600FD5D88 /* html in Resources */,
				049B78DE193351F800A0DE4C /* Images.xcassets in Resources */,
				042A5AB91942B03600E0112D /* HXRecentlyExamCell.xib in Resources */,
				04CB1CA5196152CA00EB80B4 /* WebViewJavascriptBridge.js.txt in Resources */,
				048CE92F194B0227001A5CA6 /* HXExamCell.xib in Resources */,
				049B78D0193351F800A0DE4C /* InfoPlist.strings in Resources */,
				049B78D9193351F800A0DE4C /* Main.storyboard in Resources */,
				04BAB9EB1941A6FF00699941 /* HXMudleCell.xib in Resources */,
			);
			runOnlyForDeploymentPostprocessing = 0;
		};
		049B78E1193351F800A0DE4C /* Resources */ = {
			isa = PBXResourcesBuildPhase;
			buildActionMask = 2147483647;
			files = (
				049B78EF193351F800A0DE4C /* InfoPlist.strings in Resources */,
			);
			runOnlyForDeploymentPostprocessing = 0;
		};
/* End PBXResourcesBuildPhase section */

/* Begin PBXShellScriptBuildPhase section */
		6089E30ACE2D4AA5A704F526 /* Check Pods Manifest.lock */ = {
			isa = PBXShellScriptBuildPhase;
			buildActionMask = 2147483647;
			files = (
			);
			inputPaths = (
			);
			name = "Check Pods Manifest.lock";
			outputPaths = (
			);
			runOnlyForDeploymentPostprocessing = 0;
			shellPath = /bin/sh;
			shellScript = "diff \"${PODS_ROOT}/../Podfile.lock\" \"${PODS_ROOT}/Manifest.lock\" > /dev/null\nif [[ $? != 0 ]] ; then\n    cat << EOM\nerror: The sandbox is not in sync with the Podfile.lock. Run 'pod install' or update your CocoaPods installation.\nEOM\n    exit 1\nfi\n";
			showEnvVarsInLog = 0;
		};
		7922AE17D9E24031AC8993BA /* Copy Pods Resources */ = {
			isa = PBXShellScriptBuildPhase;
			buildActionMask = 2147483647;
			files = (
			);
			inputPaths = (
			);
			name = "Copy Pods Resources";
			outputPaths = (
			);
			runOnlyForDeploymentPostprocessing = 0;
			shellPath = /bin/sh;
			shellScript = "\"${SRCROOT}/Pods/Pods-resources.sh\"\n";
			showEnvVarsInLog = 0;
		};
/* End PBXShellScriptBuildPhase section */

/* Begin PBXSourcesBuildPhase section */
		049B78BE193351F800A0DE4C /* Sources */ = {
			isa = PBXSourcesBuildPhase;
			buildActionMask = 2147483647;
			files = (
				04CB1C9D1961147100EB80B4 /* HXExamRecordTVC.m in Sources */,
				045E08F21957EB6300651BDA /* HXCacheManager.m in Sources */,
				0402D2E2193B020E004E73E2 /* HXAboutUsVC.m in Sources */,
				04B0512019374DFC005933CB /* HXLoginVC.m in Sources */,
				045E08FC19582F8100651BDA /* HXExamPaper.m in Sources */,
				04B0510E1935F7DB005933CB /* HXNetworkManager.m in Sources */,
				0402D2D9193A3BF0004E73E2 /* HXMudlesVC.m in Sources */,
				049B78D6193351F800A0DE4C /* HXAppDelegate.m in Sources */,
				04CB1CA6196152CA00EB80B4 /* WebViewJavascriptBridge.m in Sources */,
				048CE92D194B0100001A5CA6 /* HXExamItem.m in Sources */,
				04B0511A193741E2005933CB /* HXContinueExamInfo.m in Sources */,
				048CE92A194AC8E5001A5CA6 /* HXExamsTVC.m in Sources */,
				04BE459519477C4100A34019 /* KWPopoverView.m in Sources */,
				0402D2DC193A3E45004E73E2 /* PushMainSegue.m in Sources */,
				04B0511519373D41005933CB /* HXUserAnswers.m in Sources */,
				04BAB9E9194190CD00699941 /* HXMudleItem.m in Sources */,
				045E08F619582CD500651BDA /* HXQuestion.m in Sources */,
				04BE45981947F8CB00A34019 /* HXContainerVC.m in Sources */,
				04B05112193735E1005933CB /* HXRightAnswers.m in Sources */,
				04B0512319382808005933CB /* HXRegisterVC.m in Sources */,
				045E08F919582E8000651BDA /* HXSectionQuestion.m in Sources */,
				04BAB9EF1941C9BF00699941 /* HXRecentlyExamTVC.m in Sources */,
				049B78D2193351F800A0DE4C /* main.m in Sources */,
				04F0E378194FEB2D0067DEFC /* Reachability.m in Sources */,
				04E4CD5F195C228700FD5D88 /* UIViewExt.m in Sources */,
				04F0E37C195006930067DEFC /* HXExamingVC.m in Sources */,
				045E08FF19597FF900651BDA /* HXAnswer.m in Sources */,
				04FB534419348C9C007A3B0B /* HXLoadingVC.m in Sources */,
				0486093019485EDF006A88D9 /* HXNotificationMacro.m in Sources */,
				0402D2DF193B01EF004E73E2 /* HXSettingVC.m in Sources */,
				042A5AB71942AFBF00E0112D /* HXRecentlyExamItem.m in Sources */,
			);
			runOnlyForDeploymentPostprocessing = 0;
		};
		049B78DF193351F800A0DE4C /* Sources */ = {
			isa = PBXSourcesBuildPhase;
			buildActionMask = 2147483647;
			files = (
				049B78F1193351F800A0DE4C /* HXAssessmentTests.m in Sources */,
			);
			runOnlyForDeploymentPostprocessing = 0;
		};
/* End PBXSourcesBuildPhase section */

/* Begin PBXTargetDependency section */
		049B78E9193351F800A0DE4C /* PBXTargetDependency */ = {
			isa = PBXTargetDependency;
			target = 049B78C1193351F800A0DE4C /* HXAssessment */;
			targetProxy = 049B78E8193351F800A0DE4C /* PBXContainerItemProxy */;
		};
/* End PBXTargetDependency section */

/* Begin PBXVariantGroup section */
		049B78CE193351F800A0DE4C /* InfoPlist.strings */ = {
			isa = PBXVariantGroup;
			children = (
				049B78CF193351F800A0DE4C /* en */,
			);
			name = InfoPlist.strings;
			sourceTree = "<group>";
		};
		049B78D7193351F800A0DE4C /* Main.storyboard */ = {
			isa = PBXVariantGroup;
			children = (
				049B78D8193351F800A0DE4C /* Base */,
			);
			name = Main.storyboard;
			sourceTree = "<group>";
		};
		049B78ED193351F800A0DE4C /* InfoPlist.strings */ = {
			isa = PBXVariantGroup;
			children = (
				049B78EE193351F800A0DE4C /* en */,
			);
			name = InfoPlist.strings;
			sourceTree = "<group>";
		};
/* End PBXVariantGroup section */

/* Begin XCBuildConfiguration section */
		049B78F2193351F800A0DE4C /* Debug */ = {
			isa = XCBuildConfiguration;
			buildSettings = {
				ALWAYS_SEARCH_USER_PATHS = NO;
				CLANG_CXX_LANGUAGE_STANDARD = "gnu++0x";
				CLANG_CXX_LIBRARY = "libc++";
				CLANG_ENABLE_MODULES = YES;
				CLANG_ENABLE_OBJC_ARC = YES;
				CLANG_WARN_BOOL_CONVERSION = YES;
				CLANG_WARN_CONSTANT_CONVERSION = YES;
				CLANG_WARN_DIRECT_OBJC_ISA_USAGE = YES_ERROR;
				CLANG_WARN_EMPTY_BODY = YES;
				CLANG_WARN_ENUM_CONVERSION = YES;
				CLANG_WARN_INT_CONVERSION = YES;
				CLANG_WARN_OBJC_ROOT_CLASS = YES_ERROR;
				CLANG_WARN__DUPLICATE_METHOD_MATCH = YES;
				"CODE_SIGN_IDENTITY[sdk=iphoneos*]" = "iPhone Developer";
				COPY_PHASE_STRIP = NO;
				GCC_C_LANGUAGE_STANDARD = gnu99;
				GCC_DYNAMIC_NO_PIC = NO;
				GCC_OPTIMIZATION_LEVEL = 0;
				GCC_PREPROCESSOR_DEFINITIONS = (
					"DEBUG=1",
					"$(inherited)",
				);
				GCC_SYMBOLS_PRIVATE_EXTERN = NO;
				GCC_WARN_64_TO_32_BIT_CONVERSION = YES;
				GCC_WARN_ABOUT_RETURN_TYPE = YES_ERROR;
				GCC_WARN_UNDECLARED_SELECTOR = YES;
				GCC_WARN_UNINITIALIZED_AUTOS = YES_AGGRESSIVE;
				GCC_WARN_UNUSED_FUNCTION = YES;
				GCC_WARN_UNUSED_VARIABLE = YES;
				IPHONEOS_DEPLOYMENT_TARGET = 7.1;
				ONLY_ACTIVE_ARCH = YES;
				SDKROOT = iphoneos;
			};
			name = Debug;
		};
		049B78F3193351F800A0DE4C /* Release */ = {
			isa = XCBuildConfiguration;
			buildSettings = {
				ALWAYS_SEARCH_USER_PATHS = NO;
				CLANG_CXX_LANGUAGE_STANDARD = "gnu++0x";
				CLANG_CXX_LIBRARY = "libc++";
				CLANG_ENABLE_MODULES = YES;
				CLANG_ENABLE_OBJC_ARC = YES;
				CLANG_WARN_BOOL_CONVERSION = YES;
				CLANG_WARN_CONSTANT_CONVERSION = YES;
				CLANG_WARN_DIRECT_OBJC_ISA_USAGE = YES_ERROR;
				CLANG_WARN_EMPTY_BODY = YES;
				CLANG_WARN_ENUM_CONVERSION = YES;
				CLANG_WARN_INT_CONVERSION = YES;
				CLANG_WARN_OBJC_ROOT_CLASS = YES_ERROR;
				CLANG_WARN__DUPLICATE_METHOD_MATCH = YES;
				"CODE_SIGN_IDENTITY[sdk=iphoneos*]" = "iPhone Developer";
				COPY_PHASE_STRIP = YES;
				ENABLE_NS_ASSERTIONS = NO;
				GCC_C_LANGUAGE_STANDARD = gnu99;
				GCC_WARN_64_TO_32_BIT_CONVERSION = YES;
				GCC_WARN_ABOUT_RETURN_TYPE = YES_ERROR;
				GCC_WARN_UNDECLARED_SELECTOR = YES;
				GCC_WARN_UNINITIALIZED_AUTOS = YES_AGGRESSIVE;
				GCC_WARN_UNUSED_FUNCTION = YES;
				GCC_WARN_UNUSED_VARIABLE = YES;
				IPHONEOS_DEPLOYMENT_TARGET = 7.1;
				SDKROOT = iphoneos;
				VALIDATE_PRODUCT = YES;
			};
			name = Release;
		};
		049B78F5193351F800A0DE4C /* Debug */ = {
			isa = XCBuildConfiguration;
			baseConfigurationReference = B6FAAE702A79420F8804A8A0 /* Pods.xcconfig */;
			buildSettings = {
				ASSETCATALOG_COMPILER_APPICON_NAME = AppIcon;
				ASSETCATALOG_COMPILER_LAUNCHIMAGE_NAME = LaunchImage;
				CODE_SIGN_IDENTITY = "iPhone Developer";
				"CODE_SIGN_IDENTITY[sdk=iphoneos*]" = "iPhone Developer";
				GCC_PRECOMPILE_PREFIX_HEADER = YES;
				GCC_PREFIX_HEADER = "HXAssessment/HXAssessment-Prefix.pch";
				HEADER_SEARCH_PATHS = (
					"\"${PODS_ROOT}/Headers\"",
					"\"${PODS_ROOT}/Headers/AFNetworking\"",
					"\"${PODS_ROOT}/Headers/ConciseKit\"",
					"\"${PODS_ROOT}/Headers/JSONModel\"",
					"\"${PODS_ROOT}/Headers/MBProgressHUD\"",
					"\"${PODS_ROOT}/Headers/REFormattedNumberField\"",
					"\"${PODS_ROOT}/Headers/REMenu\"",
					"\"${PODS_ROOT}/Headers/RETableViewManager\"",
					"\"${PODS_ROOT}/Headers/REValidation\"",
					"\"${PODS_ROOT}/Headers/ReactiveCocoa\"",
					"\"${PODS_ROOT}/Headers/ReactiveCocoa/ReactiveCocoa\"",
					"\"${PODS_ROOT}/Headers/SSKeychain\"",
					"\"${PODS_ROOT}/Headers/SparkInspector\"",
					/usr/include/libxml2,
				);
				INFOPLIST_FILE = "HXAssessment/HXAssessment-Info.plist";
				IPHONEOS_DEPLOYMENT_TARGET = 6.0;
				LIBRARY_SEARCH_PATHS = (
					"$(inherited)",
					"$(PROJECT_DIR)",
				);
				PRODUCT_NAME = "$(TARGET_NAME)";
				PROVISIONING_PROFILE = "";
				WRAPPER_EXTENSION = app;
			};
			name = Debug;
		};
		049B78F6193351F800A0DE4C /* Release */ = {
			isa = XCBuildConfiguration;
			baseConfigurationReference = B6FAAE702A79420F8804A8A0 /* Pods.xcconfig */;
			buildSettings = {
				ASSETCATALOG_COMPILER_APPICON_NAME = AppIcon;
				ASSETCATALOG_COMPILER_LAUNCHIMAGE_NAME = LaunchImage;
				CODE_SIGN_IDENTITY = "iPhone Developer";
				"CODE_SIGN_IDENTITY[sdk=iphoneos*]" = "iPhone Developer";
				GCC_PRECOMPILE_PREFIX_HEADER = YES;
				GCC_PREFIX_HEADER = "HXAssessment/HXAssessment-Prefix.pch";
				HEADER_SEARCH_PATHS = (
					"\"${PODS_ROOT}/Headers\"",
					"\"${PODS_ROOT}/Headers/AFNetworking\"",
					"\"${PODS_ROOT}/Headers/ConciseKit\"",
					"\"${PODS_ROOT}/Headers/JSONModel\"",
					"\"${PODS_ROOT}/Headers/MBProgressHUD\"",
					"\"${PODS_ROOT}/Headers/REFormattedNumberField\"",
					"\"${PODS_ROOT}/Headers/REMenu\"",
					"\"${PODS_ROOT}/Headers/RETableViewManager\"",
					"\"${PODS_ROOT}/Headers/REValidation\"",
					"\"${PODS_ROOT}/Headers/ReactiveCocoa\"",
					"\"${PODS_ROOT}/Headers/ReactiveCocoa/ReactiveCocoa\"",
					"\"${PODS_ROOT}/Headers/SSKeychain\"",
					"\"${PODS_ROOT}/Headers/SparkInspector\"",
					"${SDKROOT}/usr/include/libxml2",
				);
				INFOPLIST_FILE = "HXAssessment/HXAssessment-Info.plist";
				IPHONEOS_DEPLOYMENT_TARGET = 6.0;
				LIBRARY_SEARCH_PATHS = (
					"$(inherited)",
					"$(PROJECT_DIR)",
				);
				PRODUCT_NAME = "$(TARGET_NAME)";
				PROVISIONING_PROFILE = "";
				WRAPPER_EXTENSION = app;
			};
			name = Release;
		};
		049B78F8193351F800A0DE4C /* Debug */ = {
			isa = XCBuildConfiguration;
			buildSettings = {
				BUNDLE_LOADER = "$(BUILT_PRODUCTS_DIR)/HXAssessment.app/HXAssessment";
				FRAMEWORK_SEARCH_PATHS = (
					"$(SDKROOT)/Developer/Library/Frameworks",
					"$(inherited)",
					"$(DEVELOPER_FRAMEWORKS_DIR)",
				);
				GCC_PRECOMPILE_PREFIX_HEADER = YES;
				GCC_PREFIX_HEADER = "HXAssessment/HXAssessment-Prefix.pch";
				GCC_PREPROCESSOR_DEFINITIONS = (
					"DEBUG=1",
					"$(inherited)",
				);
				INFOPLIST_FILE = "HXAssessmentTests/HXAssessmentTests-Info.plist";
				PRODUCT_NAME = "$(TARGET_NAME)";
				TEST_HOST = "$(BUNDLE_LOADER)";
				WRAPPER_EXTENSION = xctest;
			};
			name = Debug;
		};
		049B78F9193351F800A0DE4C /* Release */ = {
			isa = XCBuildConfiguration;
			buildSettings = {
				BUNDLE_LOADER = "$(BUILT_PRODUCTS_DIR)/HXAssessment.app/HXAssessment";
				FRAMEWORK_SEARCH_PATHS = (
					"$(SDKROOT)/Developer/Library/Frameworks",
					"$(inherited)",
					"$(DEVELOPER_FRAMEWORKS_DIR)",
				);
				GCC_PRECOMPILE_PREFIX_HEADER = YES;
				GCC_PREFIX_HEADER = "HXAssessment/HXAssessment-Prefix.pch";
				INFOPLIST_FILE = "HXAssessmentTests/HXAssessmentTests-Info.plist";
				PRODUCT_NAME = "$(TARGET_NAME)";
				TEST_HOST = "$(BUNDLE_LOADER)";
				WRAPPER_EXTENSION = xctest;
			};
			name = Release;
		};
/* End XCBuildConfiguration section */

/* Begin XCConfigurationList section */
		049B78BD193351F800A0DE4C /* Build configuration list for PBXProject "HXAssessment" */ = {
			isa = XCConfigurationList;
			buildConfigurations = (
				049B78F2193351F800A0DE4C /* Debug */,
				049B78F3193351F800A0DE4C /* Release */,
			);
			defaultConfigurationIsVisible = 0;
			defaultConfigurationName = Release;
		};
		049B78F4193351F800A0DE4C /* Build configuration list for PBXNativeTarget "HXAssessment" */ = {
			isa = XCConfigurationList;
			buildConfigurations = (
				049B78F5193351F800A0DE4C /* Debug */,
				049B78F6193351F800A0DE4C /* Release */,
			);
			defaultConfigurationIsVisible = 0;
			defaultConfigurationName = Release;
		};
		049B78F7193351F800A0DE4C /* Build configuration list for PBXNativeTarget "HXAssessmentTests" */ = {
			isa = XCConfigurationList;
			buildConfigurations = (
				049B78F8193351F800A0DE4C /* Debug */,
				049B78F9193351F800A0DE4C /* Release */,
			);
			defaultConfigurationIsVisible = 0;
			defaultConfigurationName = Release;
		};
/* End XCConfigurationList section */
	};
	rootObject = 049B78BA193351F800A0DE4C /* Project object */;
}
